
Microsoft Visual Studio Solution File, Format Version 12.00
# Visual Studio Version 17
VisualStudioVersion = 17.3.32825.248
MinimumVisualStudioVersion = 10.0.40219.1
Project("{FAE04EC0-301F-11D3-BF4B-00C04F79EFBC}") = "Hollow", "Hollow\Hollow.csproj", "{2FA78593-4CC5-46EC-9478-029ABCF82326}"
EndProject
Global
	GlobalSection(SolutionConfigurationPlatforms) = preSolution
		Debug|Any CPU = Debug|Any CPU
		Release|Any CPU = Release|Any CPU
	EndGlobalSection
	GlobalSection(ProjectConfigurationPlatforms) = postSolution
		{2FA78593-4CC5-46EC-9478-029ABCF82326}.Debug|Any CPU.ActiveCfg = Debug|Any CPU
		{2FA78593-4CC5-46EC-9478-029ABCF82326}.Debug|Any CPU.Build.0 = Debug|Any CPU
		{2FA78593-4CC5-46EC-9478-029ABCF82326}.Release|Any CPU.ActiveCfg = Release|Any CPU
		{2FA78593-4CC5-46EC-9478-029ABCF82326}.Release|Any CPU.Build.0 = Release|Any CPU
	EndGlobalSection
	GlobalSection(SolutionProperties) = preSolution
		HideSolutionNode = FALSE
	EndGlobalSection
	GlobalSection(ExtensibilityGlobals) = postSolution
		SolutionGuid = {1D37B557-299F-49EC-88C0-42881DDA2CB5}
	EndGlobalSection
EndGlobal
